
Microsoft Visual Studio Solution File, Format Version 12.00
# Visual Studio Version 16
VisualStudioVersion = 16.0.35826.135
MinimumVisualStudioVersion = 10.0.40219.1
Project("{8BC9CEB8-8B4A-11D0-8D11-00A0C91BC942}") = "LIB_Server_Assembly", "LIB_Server_Assembly\LIB_Server_Assembly.vcxproj", "{D9346816-6A60-45D5-8FEE-63CFF6CFF83D}"
EndProject
Project("{FAE04EC0-301F-11D3-BF4B-00C04F79EFBC}") = "TESTBENCH_LIBs_Csharp", "TESTBENCH_LIBs_Csharp\TESTBENCH_LIBs_Csharp.csproj", "{A5C7F85C-F3B9-4D15-8654-32A1304AE473}"
EndProject
Project("{8BC9CEB8-8B4A-11D0-8D11-00A0C91BC942}") = "TESTBENCH_LIBs_Cpp", "TESTBENCH_LIBs_Cpp\TESTBENCH_LIBs_Cpp.vcxproj", "{1F2F6B16-0C23-4109-BE55-A6B737E00A6E}"
EndProject
Project("{8BC9CEB8-8B4A-11D0-8D11-00A0C91BC942}") = "LIB_LaunchEnableForConcurrentThreadsAt_END", "LIB_LaunchEnableForConcurrentThreadsAt_END\LIB_LaunchEnableForConcurrentThreadsAt_END.vcxproj", "{ED9EE625-DCE2-4A0C-B379-8BF5C055CA2C}"
EndProject
Project("{8BC9CEB8-8B4A-11D0-8D11-00A0C91BC942}") = "LIB_WriteEnableForThreadsAt_STACK", "LIB_WriteEnableForThreadsAt_STACK\LIB_WriteEnableForThreadsAt_STACK.vcxproj", "{AF29D4A7-6396-4798-8DA8-9D7F11453394}"
EndProject
Project("{8BC9CEB8-8B4A-11D0-8D11-00A0C91BC942}") = "LIB_LaunchEnableForConcurrentThreadsAt_Server", "LIB_LaunchEnableForConcurrentThreadsAt_Server\LIB_LaunchEnableForConcurrentThreadsAt_Server.vcxproj", "{1D38D9C6-CE4B-4CDA-AD2E-65CE39A6822B}"
EndProject
Project("{8BC9CEB8-8B4A-11D0-8D11-00A0C91BC942}") = "LIB_LaunchEnableForConcurrentThreadsAt_Client", "LIB_LaunchEnableForConcurrentThreadsAt_Client\LIB_LaunchEnableForConcurrentThreadsAt_Client.vcxproj", "{7BEE3523-24F7-4739-8C9E-8668011E4B97}"
EndProject
Project("{8BC9CEB8-8B4A-11D0-8D11-00A0C91BC942}") = "LIB_WriteEnableForThreadsAt_ServerInputAction", "LIB_WriteEnableForThreadsAt_ServerInputAction\LIB_WriteEnableForThreadsAt_ServerInputAction.vcxproj", "{EC82447D-B9F6-4BCD-A4B9-A43635DA2F38}"
EndProject
Project("{8BC9CEB8-8B4A-11D0-8D11-00A0C91BC942}") = "LIB_WriteEnableForThreadsAt_ServerOutputRecieve", "LIB_WriteEnableForThreadsAt_ServerOutputRecieve\LIB_WriteEnableForThreadsAt_ServerOutputRecieve.vcxproj", "{CD36F2A0-1989-4CDB-BA6D-5844FD6390B1}"
EndProject
Project("{8BC9CEB8-8B4A-11D0-8D11-00A0C91BC942}") = "LIB_WriteEnableForThreadsAt_ClientOutputRecieve", "LIB_WriteEnableForThreadsAt_ClientOutputRecieve\LIB_WriteEnableForThreadsAt_ClientOutputRecieve.vcxproj", "{2366490C-0202-4282-9D7E-53BAC077C732}"
EndProject
Global
	GlobalSection(SolutionConfigurationPlatforms) = preSolution
		Debug|Any CPU = Debug|Any CPU
		Debug|x64 = Debug|x64
		Debug|x86 = Debug|x86
		Release|Any CPU = Release|Any CPU
		Release|x64 = Release|x64
		Release|x86 = Release|x86
	EndGlobalSection
	GlobalSection(ProjectConfigurationPlatforms) = postSolution
		{D9346816-6A60-45D5-8FEE-63CFF6CFF83D}.Debug|Any CPU.ActiveCfg = Debug|Win32
		{D9346816-6A60-45D5-8FEE-63CFF6CFF83D}.Debug|x64.ActiveCfg = Debug|x64
		{D9346816-6A60-45D5-8FEE-63CFF6CFF83D}.Debug|x64.Build.0 = Debug|x64
		{D9346816-6A60-45D5-8FEE-63CFF6CFF83D}.Debug|x86.ActiveCfg = Debug|Win32
		{D9346816-6A60-45D5-8FEE-63CFF6CFF83D}.Debug|x86.Build.0 = Debug|Win32
		{D9346816-6A60-45D5-8FEE-63CFF6CFF83D}.Release|Any CPU.ActiveCfg = Release|Win32
		{D9346816-6A60-45D5-8FEE-63CFF6CFF83D}.Release|x64.ActiveCfg = Release|x64
		{D9346816-6A60-45D5-8FEE-63CFF6CFF83D}.Release|x64.Build.0 = Release|x64
		{D9346816-6A60-45D5-8FEE-63CFF6CFF83D}.Release|x86.ActiveCfg = Release|Win32
		{D9346816-6A60-45D5-8FEE-63CFF6CFF83D}.Release|x86.Build.0 = Release|Win32
		{A5C7F85C-F3B9-4D15-8654-32A1304AE473}.Debug|Any CPU.ActiveCfg = Debug|Any CPU
		{A5C7F85C-F3B9-4D15-8654-32A1304AE473}.Debug|Any CPU.Build.0 = Debug|Any CPU
		{A5C7F85C-F3B9-4D15-8654-32A1304AE473}.Debug|x64.ActiveCfg = Debug|Any CPU
		{A5C7F85C-F3B9-4D15-8654-32A1304AE473}.Debug|x64.Build.0 = Debug|Any CPU
		{A5C7F85C-F3B9-4D15-8654-32A1304AE473}.Debug|x86.ActiveCfg = Debug|Any CPU
		{A5C7F85C-F3B9-4D15-8654-32A1304AE473}.Debug|x86.Build.0 = Debug|Any CPU
		{A5C7F85C-F3B9-4D15-8654-32A1304AE473}.Release|Any CPU.ActiveCfg = Release|Any CPU
		{A5C7F85C-F3B9-4D15-8654-32A1304AE473}.Release|Any CPU.Build.0 = Release|Any CPU
		{A5C7F85C-F3B9-4D15-8654-32A1304AE473}.Release|x64.ActiveCfg = Release|Any CPU
		{A5C7F85C-F3B9-4D15-8654-32A1304AE473}.Release|x64.Build.0 = Release|Any CPU
		{A5C7F85C-F3B9-4D15-8654-32A1304AE473}.Release|x86.ActiveCfg = Release|Any CPU
		{A5C7F85C-F3B9-4D15-8654-32A1304AE473}.Release|x86.Build.0 = Release|Any CPU
		{1F2F6B16-0C23-4109-BE55-A6B737E00A6E}.Debug|Any CPU.ActiveCfg = Debug|Win32
		{1F2F6B16-0C23-4109-BE55-A6B737E00A6E}.Debug|x64.ActiveCfg = Debug|x64
		{1F2F6B16-0C23-4109-BE55-A6B737E00A6E}.Debug|x64.Build.0 = Debug|x64
		{1F2F6B16-0C23-4109-BE55-A6B737E00A6E}.Debug|x86.ActiveCfg = Debug|Win32
		{1F2F6B16-0C23-4109-BE55-A6B737E00A6E}.Debug|x86.Build.0 = Debug|Win32
		{1F2F6B16-0C23-4109-BE55-A6B737E00A6E}.Release|Any CPU.ActiveCfg = Release|Win32
		{1F2F6B16-0C23-4109-BE55-A6B737E00A6E}.Release|x64.ActiveCfg = Release|x64
		{1F2F6B16-0C23-4109-BE55-A6B737E00A6E}.Release|x64.Build.0 = Release|x64
		{1F2F6B16-0C23-4109-BE55-A6B737E00A6E}.Release|x86.ActiveCfg = Release|Win32
		{1F2F6B16-0C23-4109-BE55-A6B737E00A6E}.Release|x86.Build.0 = Release|Win32
		{ED9EE625-DCE2-4A0C-B379-8BF5C055CA2C}.Debug|Any CPU.ActiveCfg = Debug|Win32
		{ED9EE625-DCE2-4A0C-B379-8BF5C055CA2C}.Debug|x64.ActiveCfg = Debug|x64
		{ED9EE625-DCE2-4A0C-B379-8BF5C055CA2C}.Debug|x64.Build.0 = Debug|x64
		{ED9EE625-DCE2-4A0C-B379-8BF5C055CA2C}.Debug|x86.ActiveCfg = Debug|Win32
		{ED9EE625-DCE2-4A0C-B379-8BF5C055CA2C}.Debug|x86.Build.0 = Debug|Win32
		{ED9EE625-DCE2-4A0C-B379-8BF5C055CA2C}.Release|Any CPU.ActiveCfg = Release|Win32
		{ED9EE625-DCE2-4A0C-B379-8BF5C055CA2C}.Release|x64.ActiveCfg = Release|x64
		{ED9EE625-DCE2-4A0C-B379-8BF5C055CA2C}.Release|x64.Build.0 = Release|x64
		{ED9EE625-DCE2-4A0C-B379-8BF5C055CA2C}.Release|x86.ActiveCfg = Release|Win32
		{ED9EE625-DCE2-4A0C-B379-8BF5C055CA2C}.Release|x86.Build.0 = Release|Win32
		{AF29D4A7-6396-4798-8DA8-9D7F11453394}.Debug|Any CPU.ActiveCfg = Debug|Win32
		{AF29D4A7-6396-4798-8DA8-9D7F11453394}.Debug|x64.ActiveCfg = Debug|x64
		{AF29D4A7-6396-4798-8DA8-9D7F11453394}.Debug|x64.Build.0 = Debug|x64
		{AF29D4A7-6396-4798-8DA8-9D7F11453394}.Debug|x86.ActiveCfg = Debug|Win32
		{AF29D4A7-6396-4798-8DA8-9D7F11453394}.Debug|x86.Build.0 = Debug|Win32
		{AF29D4A7-6396-4798-8DA8-9D7F11453394}.Release|Any CPU.ActiveCfg = Release|Win32
		{AF29D4A7-6396-4798-8DA8-9D7F11453394}.Release|x64.ActiveCfg = Release|x64
		{AF29D4A7-6396-4798-8DA8-9D7F11453394}.Release|x64.Build.0 = Release|x64
		{AF29D4A7-6396-4798-8DA8-9D7F11453394}.Release|x86.ActiveCfg = Release|Win32
		{AF29D4A7-6396-4798-8DA8-9D7F11453394}.Release|x86.Build.0 = Release|Win32
		{1D38D9C6-CE4B-4CDA-AD2E-65CE39A6822B}.Debug|Any CPU.ActiveCfg = Debug|Win32
		{1D38D9C6-CE4B-4CDA-AD2E-65CE39A6822B}.Debug|x64.ActiveCfg = Debug|x64
		{1D38D9C6-CE4B-4CDA-AD2E-65CE39A6822B}.Debug|x64.Build.0 = Debug|x64
		{1D38D9C6-CE4B-4CDA-AD2E-65CE39A6822B}.Debug|x86.ActiveCfg = Debug|Win32
		{1D38D9C6-CE4B-4CDA-AD2E-65CE39A6822B}.Debug|x86.Build.0 = Debug|Win32
		{1D38D9C6-CE4B-4CDA-AD2E-65CE39A6822B}.Release|Any CPU.ActiveCfg = Release|Win32
		{1D38D9C6-CE4B-4CDA-AD2E-65CE39A6822B}.Release|x64.ActiveCfg = Release|x64
		{1D38D9C6-CE4B-4CDA-AD2E-65CE39A6822B}.Release|x64.Build.0 = Release|x64
		{1D38D9C6-CE4B-4CDA-AD2E-65CE39A6822B}.Release|x86.ActiveCfg = Release|Win32
		{1D38D9C6-CE4B-4CDA-AD2E-65CE39A6822B}.Release|x86.Build.0 = Release|Win32
		{7BEE3523-24F7-4739-8C9E-8668011E4B97}.Debug|Any CPU.ActiveCfg = Debug|Win32
		{7BEE3523-24F7-4739-8C9E-8668011E4B97}.Debug|x64.ActiveCfg = Debug|x64
		{7BEE3523-24F7-4739-8C9E-8668011E4B97}.Debug|x64.Build.0 = Debug|x64
		{7BEE3523-24F7-4739-8C9E-8668011E4B97}.Debug|x86.ActiveCfg = Debug|Win32
		{7BEE3523-24F7-4739-8C9E-8668011E4B97}.Debug|x86.Build.0 = Debug|Win32
		{7BEE3523-24F7-4739-8C9E-8668011E4B97}.Release|Any CPU.ActiveCfg = Release|Win32
		{7BEE3523-24F7-4739-8C9E-8668011E4B97}.Release|x64.ActiveCfg = Release|x64
		{7BEE3523-24F7-4739-8C9E-8668011E4B97}.Release|x64.Build.0 = Release|x64
		{7BEE3523-24F7-4739-8C9E-8668011E4B97}.Release|x86.ActiveCfg = Release|Win32
		{7BEE3523-24F7-4739-8C9E-8668011E4B97}.Release|x86.Build.0 = Release|Win32
		{EC82447D-B9F6-4BCD-A4B9-A43635DA2F38}.Debug|Any CPU.ActiveCfg = Debug|Win32
		{EC82447D-B9F6-4BCD-A4B9-A43635DA2F38}.Debug|x64.ActiveCfg = Debug|x64
		{EC82447D-B9F6-4BCD-A4B9-A43635DA2F38}.Debug|x64.Build.0 = Debug|x64
		{EC82447D-B9F6-4BCD-A4B9-A43635DA2F38}.Debug|x86.ActiveCfg = Debug|Win32
		{EC82447D-B9F6-4BCD-A4B9-A43635DA2F38}.Debug|x86.Build.0 = Debug|Win32
		{EC82447D-B9F6-4BCD-A4B9-A43635DA2F38}.Release|Any CPU.ActiveCfg = Release|Win32
		{EC82447D-B9F6-4BCD-A4B9-A43635DA2F38}.Release|x64.ActiveCfg = Release|x64
		{EC82447D-B9F6-4BCD-A4B9-A43635DA2F38}.Release|x64.Build.0 = Release|x64
		{EC82447D-B9F6-4BCD-A4B9-A43635DA2F38}.Release|x86.ActiveCfg = Release|Win32
		{EC82447D-B9F6-4BCD-A4B9-A43635DA2F38}.Release|x86.Build.0 = Release|Win32
		{CD36F2A0-1989-4CDB-BA6D-5844FD6390B1}.Debug|Any CPU.ActiveCfg = Debug|Win32
		{CD36F2A0-1989-4CDB-BA6D-5844FD6390B1}.Debug|x64.ActiveCfg = Debug|x64
		{CD36F2A0-1989-4CDB-BA6D-5844FD6390B1}.Debug|x64.Build.0 = Debug|x64
		{CD36F2A0-1989-4CDB-BA6D-5844FD6390B1}.Debug|x86.ActiveCfg = Debug|Win32
		{CD36F2A0-1989-4CDB-BA6D-5844FD6390B1}.Debug|x86.Build.0 = Debug|Win32
		{CD36F2A0-1989-4CDB-BA6D-5844FD6390B1}.Release|Any CPU.ActiveCfg = Release|Win32
		{CD36F2A0-1989-4CDB-BA6D-5844FD6390B1}.Release|x64.ActiveCfg = Release|x64
		{CD36F2A0-1989-4CDB-BA6D-5844FD6390B1}.Release|x64.Build.0 = Release|x64
		{CD36F2A0-1989-4CDB-BA6D-5844FD6390B1}.Release|x86.ActiveCfg = Release|Win32
		{CD36F2A0-1989-4CDB-BA6D-5844FD6390B1}.Release|x86.Build.0 = Release|Win32
		{2366490C-0202-4282-9D7E-53BAC077C732}.Debug|Any CPU.ActiveCfg = Debug|Win32
		{2366490C-0202-4282-9D7E-53BAC077C732}.Debug|x64.ActiveCfg = Debug|x64
		{2366490C-0202-4282-9D7E-53BAC077C732}.Debug|x64.Build.0 = Debug|x64
		{2366490C-0202-4282-9D7E-53BAC077C732}.Debug|x86.ActiveCfg = Debug|Win32
		{2366490C-0202-4282-9D7E-53BAC077C732}.Debug|x86.Build.0 = Debug|Win32
		{2366490C-0202-4282-9D7E-53BAC077C732}.Release|Any CPU.ActiveCfg = Release|Win32
		{2366490C-0202-4282-9D7E-53BAC077C732}.Release|x64.ActiveCfg = Release|x64
		{2366490C-0202-4282-9D7E-53BAC077C732}.Release|x64.Build.0 = Release|x64
		{2366490C-0202-4282-9D7E-53BAC077C732}.Release|x86.ActiveCfg = Release|Win32
		{2366490C-0202-4282-9D7E-53BAC077C732}.Release|x86.Build.0 = Release|Win32
	EndGlobalSection
	GlobalSection(SolutionProperties) = preSolution
		HideSolutionNode = FALSE
	EndGlobalSection
	GlobalSection(ExtensibilityGlobals) = postSolution
		SolutionGuid = {F8FF0579-2EFB-493F-AB80-81507A47FA56}
	EndGlobalSection
EndGlobal
