
Microsoft Visual Studio Solution File, Format Version 12.00
# Visual Studio Version 16
VisualStudioVersion = 16.0.35826.135
MinimumVisualStudioVersion = 10.0.40219.1
Project("{8BC9CEB8-8B4A-11D0-8D11-00A0C91BC942}") = "LIB_Server_Assembly", "LIB_Server_Assembly\LIB_Server_Assembly.vcxproj", "{D9346816-6A60-45D5-8FEE-63CFF6CFF83D}"
EndProject
Project("{FAE04EC0-301F-11D3-BF4B-00C04F79EFBC}") = "TESTBENCH_LIBs_Csharp", "TESTBENCH_LIBs_Csharp\TESTBENCH_LIBs_Csharp.csproj", "{A5C7F85C-F3B9-4D15-8654-32A1304AE473}"
EndProject
Project("{8BC9CEB8-8B4A-11D0-8D11-00A0C91BC942}") = "TESTBENCH_LIBs_Cpp", "TESTBENCH_LIBs_Cpp\TESTBENCH_LIBs_Cpp.vcxproj", "{1F2F6B16-0C23-4109-BE55-A6B737E00A6E}"
EndProject
Project("{8BC9CEB8-8B4A-11D0-8D11-00A0C91BC942}") = "LIB_LaunchEnableForConcurrentThreadsAt_END", "LIB_LaunchEnableForConcurrentThreadsAt_END\LIB_LaunchEnableForConcurrentThreadsAt_END.vcxproj", "{ED9EE625-DCE2-4A0C-B379-8BF5C055CA2C}"
EndProject
Project("{8BC9CEB8-8B4A-11D0-8D11-00A0C91BC942}") = "LIB_WriteEnableForThreadsAt_STACK", "LIB_WriteEnableForThreadsAt_STACK\LIB_WriteEnableForThreadsAt_STACK.vcxproj", "{AF29D4A7-6396-4798-8DA8-9D7F11453394}"
EndProject
Project("{8BC9CEB8-8B4A-11D0-8D11-00A0C91BC942}") = "LIB_LaunchEnableForConcurrentThreadsAt_CLIENT", "LIB_LaunchEnableForConcurrentThreadsAt_CLIENT\LIB_LaunchEnableForConcurrentThreadsAt_CLIENT.vcxproj", "{34DEEF6D-6FA2-43CA-B84B-A86B49A5B63B}"
EndProject
Project("{8BC9CEB8-8B4A-11D0-8D11-00A0C91BC942}") = "LIB_WriteEnableForThreadsAt_CLIENTOUTPUTRECIEVE", "LIB_WriteEnableForThreadsAt_CLIENTOUTPUTRECIEVE\LIB_WriteEnableForThreadsAt_CLIENTOUTPUTRECIEVE.vcxproj", "{05C13770-F0FF-4A15-AE52-F76509BFC455}"
EndProject
Project("{8BC9CEB8-8B4A-11D0-8D11-00A0C91BC942}") = "LIB_LaunchEnableForConcurrentThreadsAt_SERVER", "LIB_LaunchEnableForConcurrentThreadsAt_SERVER\LIB_LaunchEnableForConcurrentThreadsAt_SERVER.vcxproj", "{3FB6C473-5E6E-4F2E-AC61-388EEACA1861}"
EndProject
Project("{8BC9CEB8-8B4A-11D0-8D11-00A0C91BC942}") = "LIB_WriteEnableForThreadsAt_SERVERINPUTACTION", "LIB_WriteEnableForThreadsAt_SERVERINPUTACTION\LIB_WriteEnableForThreadsAt_SERVERINPUTACTION.vcxproj", "{669D9594-49A6-4864-955D-4AF13A318A73}"
EndProject
Project("{8BC9CEB8-8B4A-11D0-8D11-00A0C91BC942}") = "LIB_WriteEnableForThreadsAt_SERVEROUTPUTRECIEVE", "LIB_WriteEnableForThreadsAt_SERVEROUTPUTRECIEVE\LIB_WriteEnableForThreadsAt_SERVEROUTPUTRECIEVE.vcxproj", "{F302DCE0-E5F6-450E-9A84-6B5586A3CA01}"
EndProject
Global
	GlobalSection(SolutionConfigurationPlatforms) = preSolution
		Debug|Any CPU = Debug|Any CPU
		Debug|x64 = Debug|x64
		Debug|x86 = Debug|x86
		Release|Any CPU = Release|Any CPU
		Release|x64 = Release|x64
		Release|x86 = Release|x86
	EndGlobalSection
	GlobalSection(ProjectConfigurationPlatforms) = postSolution
		{D9346816-6A60-45D5-8FEE-63CFF6CFF83D}.Debug|Any CPU.ActiveCfg = Debug|Win32
		{D9346816-6A60-45D5-8FEE-63CFF6CFF83D}.Debug|x64.ActiveCfg = Debug|x64
		{D9346816-6A60-45D5-8FEE-63CFF6CFF83D}.Debug|x64.Build.0 = Debug|x64
		{D9346816-6A60-45D5-8FEE-63CFF6CFF83D}.Debug|x86.ActiveCfg = Debug|Win32
		{D9346816-6A60-45D5-8FEE-63CFF6CFF83D}.Debug|x86.Build.0 = Debug|Win32
		{D9346816-6A60-45D5-8FEE-63CFF6CFF83D}.Release|Any CPU.ActiveCfg = Release|Win32
		{D9346816-6A60-45D5-8FEE-63CFF6CFF83D}.Release|x64.ActiveCfg = Release|x64
		{D9346816-6A60-45D5-8FEE-63CFF6CFF83D}.Release|x64.Build.0 = Release|x64
		{D9346816-6A60-45D5-8FEE-63CFF6CFF83D}.Release|x86.ActiveCfg = Release|Win32
		{D9346816-6A60-45D5-8FEE-63CFF6CFF83D}.Release|x86.Build.0 = Release|Win32
		{A5C7F85C-F3B9-4D15-8654-32A1304AE473}.Debug|Any CPU.ActiveCfg = Debug|Any CPU
		{A5C7F85C-F3B9-4D15-8654-32A1304AE473}.Debug|Any CPU.Build.0 = Debug|Any CPU
		{A5C7F85C-F3B9-4D15-8654-32A1304AE473}.Debug|x64.ActiveCfg = Debug|Any CPU
		{A5C7F85C-F3B9-4D15-8654-32A1304AE473}.Debug|x64.Build.0 = Debug|Any CPU
		{A5C7F85C-F3B9-4D15-8654-32A1304AE473}.Debug|x86.ActiveCfg = Debug|Any CPU
		{A5C7F85C-F3B9-4D15-8654-32A1304AE473}.Debug|x86.Build.0 = Debug|Any CPU
		{A5C7F85C-F3B9-4D15-8654-32A1304AE473}.Release|Any CPU.ActiveCfg = Release|Any CPU
		{A5C7F85C-F3B9-4D15-8654-32A1304AE473}.Release|Any CPU.Build.0 = Release|Any CPU
		{A5C7F85C-F3B9-4D15-8654-32A1304AE473}.Release|x64.ActiveCfg = Release|Any CPU
		{A5C7F85C-F3B9-4D15-8654-32A1304AE473}.Release|x64.Build.0 = Release|Any CPU
		{A5C7F85C-F3B9-4D15-8654-32A1304AE473}.Release|x86.ActiveCfg = Release|Any CPU
		{A5C7F85C-F3B9-4D15-8654-32A1304AE473}.Release|x86.Build.0 = Release|Any CPU
		{1F2F6B16-0C23-4109-BE55-A6B737E00A6E}.Debug|Any CPU.ActiveCfg = Debug|Win32
		{1F2F6B16-0C23-4109-BE55-A6B737E00A6E}.Debug|x64.ActiveCfg = Debug|x64
		{1F2F6B16-0C23-4109-BE55-A6B737E00A6E}.Debug|x64.Build.0 = Debug|x64
		{1F2F6B16-0C23-4109-BE55-A6B737E00A6E}.Debug|x86.ActiveCfg = Debug|Win32
		{1F2F6B16-0C23-4109-BE55-A6B737E00A6E}.Debug|x86.Build.0 = Debug|Win32
		{1F2F6B16-0C23-4109-BE55-A6B737E00A6E}.Release|Any CPU.ActiveCfg = Release|Win32
		{1F2F6B16-0C23-4109-BE55-A6B737E00A6E}.Release|x64.ActiveCfg = Release|x64
		{1F2F6B16-0C23-4109-BE55-A6B737E00A6E}.Release|x64.Build.0 = Release|x64
		{1F2F6B16-0C23-4109-BE55-A6B737E00A6E}.Release|x86.ActiveCfg = Release|Win32
		{1F2F6B16-0C23-4109-BE55-A6B737E00A6E}.Release|x86.Build.0 = Release|Win32
		{ED9EE625-DCE2-4A0C-B379-8BF5C055CA2C}.Debug|Any CPU.ActiveCfg = Debug|Win32
		{ED9EE625-DCE2-4A0C-B379-8BF5C055CA2C}.Debug|x64.ActiveCfg = Debug|x64
		{ED9EE625-DCE2-4A0C-B379-8BF5C055CA2C}.Debug|x64.Build.0 = Debug|x64
		{ED9EE625-DCE2-4A0C-B379-8BF5C055CA2C}.Debug|x86.ActiveCfg = Debug|Win32
		{ED9EE625-DCE2-4A0C-B379-8BF5C055CA2C}.Debug|x86.Build.0 = Debug|Win32
		{ED9EE625-DCE2-4A0C-B379-8BF5C055CA2C}.Release|Any CPU.ActiveCfg = Release|Win32
		{ED9EE625-DCE2-4A0C-B379-8BF5C055CA2C}.Release|x64.ActiveCfg = Release|x64
		{ED9EE625-DCE2-4A0C-B379-8BF5C055CA2C}.Release|x64.Build.0 = Release|x64
		{ED9EE625-DCE2-4A0C-B379-8BF5C055CA2C}.Release|x86.ActiveCfg = Release|Win32
		{ED9EE625-DCE2-4A0C-B379-8BF5C055CA2C}.Release|x86.Build.0 = Release|Win32
		{AF29D4A7-6396-4798-8DA8-9D7F11453394}.Debug|Any CPU.ActiveCfg = Debug|Win32
		{AF29D4A7-6396-4798-8DA8-9D7F11453394}.Debug|x64.ActiveCfg = Debug|x64
		{AF29D4A7-6396-4798-8DA8-9D7F11453394}.Debug|x64.Build.0 = Debug|x64
		{AF29D4A7-6396-4798-8DA8-9D7F11453394}.Debug|x86.ActiveCfg = Debug|Win32
		{AF29D4A7-6396-4798-8DA8-9D7F11453394}.Debug|x86.Build.0 = Debug|Win32
		{AF29D4A7-6396-4798-8DA8-9D7F11453394}.Release|Any CPU.ActiveCfg = Release|Win32
		{AF29D4A7-6396-4798-8DA8-9D7F11453394}.Release|x64.ActiveCfg = Release|x64
		{AF29D4A7-6396-4798-8DA8-9D7F11453394}.Release|x64.Build.0 = Release|x64
		{AF29D4A7-6396-4798-8DA8-9D7F11453394}.Release|x86.ActiveCfg = Release|Win32
		{AF29D4A7-6396-4798-8DA8-9D7F11453394}.Release|x86.Build.0 = Release|Win32
		{34DEEF6D-6FA2-43CA-B84B-A86B49A5B63B}.Debug|Any CPU.ActiveCfg = Debug|Win32
		{34DEEF6D-6FA2-43CA-B84B-A86B49A5B63B}.Debug|x64.ActiveCfg = Debug|x64
		{34DEEF6D-6FA2-43CA-B84B-A86B49A5B63B}.Debug|x64.Build.0 = Debug|x64
		{34DEEF6D-6FA2-43CA-B84B-A86B49A5B63B}.Debug|x86.ActiveCfg = Debug|Win32
		{34DEEF6D-6FA2-43CA-B84B-A86B49A5B63B}.Debug|x86.Build.0 = Debug|Win32
		{34DEEF6D-6FA2-43CA-B84B-A86B49A5B63B}.Release|Any CPU.ActiveCfg = Release|Win32
		{34DEEF6D-6FA2-43CA-B84B-A86B49A5B63B}.Release|x64.ActiveCfg = Release|x64
		{34DEEF6D-6FA2-43CA-B84B-A86B49A5B63B}.Release|x64.Build.0 = Release|x64
		{34DEEF6D-6FA2-43CA-B84B-A86B49A5B63B}.Release|x86.ActiveCfg = Release|Win32
		{34DEEF6D-6FA2-43CA-B84B-A86B49A5B63B}.Release|x86.Build.0 = Release|Win32
		{05C13770-F0FF-4A15-AE52-F76509BFC455}.Debug|Any CPU.ActiveCfg = Debug|Win32
		{05C13770-F0FF-4A15-AE52-F76509BFC455}.Debug|x64.ActiveCfg = Debug|x64
		{05C13770-F0FF-4A15-AE52-F76509BFC455}.Debug|x64.Build.0 = Debug|x64
		{05C13770-F0FF-4A15-AE52-F76509BFC455}.Debug|x86.ActiveCfg = Debug|Win32
		{05C13770-F0FF-4A15-AE52-F76509BFC455}.Debug|x86.Build.0 = Debug|Win32
		{05C13770-F0FF-4A15-AE52-F76509BFC455}.Release|Any CPU.ActiveCfg = Release|Win32
		{05C13770-F0FF-4A15-AE52-F76509BFC455}.Release|x64.ActiveCfg = Release|x64
		{05C13770-F0FF-4A15-AE52-F76509BFC455}.Release|x64.Build.0 = Release|x64
		{05C13770-F0FF-4A15-AE52-F76509BFC455}.Release|x86.ActiveCfg = Release|Win32
		{05C13770-F0FF-4A15-AE52-F76509BFC455}.Release|x86.Build.0 = Release|Win32
		{3FB6C473-5E6E-4F2E-AC61-388EEACA1861}.Debug|Any CPU.ActiveCfg = Debug|Win32
		{3FB6C473-5E6E-4F2E-AC61-388EEACA1861}.Debug|x64.ActiveCfg = Debug|x64
		{3FB6C473-5E6E-4F2E-AC61-388EEACA1861}.Debug|x64.Build.0 = Debug|x64
		{3FB6C473-5E6E-4F2E-AC61-388EEACA1861}.Debug|x86.ActiveCfg = Debug|Win32
		{3FB6C473-5E6E-4F2E-AC61-388EEACA1861}.Debug|x86.Build.0 = Debug|Win32
		{3FB6C473-5E6E-4F2E-AC61-388EEACA1861}.Release|Any CPU.ActiveCfg = Release|Win32
		{3FB6C473-5E6E-4F2E-AC61-388EEACA1861}.Release|x64.ActiveCfg = Release|x64
		{3FB6C473-5E6E-4F2E-AC61-388EEACA1861}.Release|x64.Build.0 = Release|x64
		{3FB6C473-5E6E-4F2E-AC61-388EEACA1861}.Release|x86.ActiveCfg = Release|Win32
		{3FB6C473-5E6E-4F2E-AC61-388EEACA1861}.Release|x86.Build.0 = Release|Win32
		{669D9594-49A6-4864-955D-4AF13A318A73}.Debug|Any CPU.ActiveCfg = Debug|Win32
		{669D9594-49A6-4864-955D-4AF13A318A73}.Debug|x64.ActiveCfg = Debug|x64
		{669D9594-49A6-4864-955D-4AF13A318A73}.Debug|x64.Build.0 = Debug|x64
		{669D9594-49A6-4864-955D-4AF13A318A73}.Debug|x86.ActiveCfg = Debug|Win32
		{669D9594-49A6-4864-955D-4AF13A318A73}.Debug|x86.Build.0 = Debug|Win32
		{669D9594-49A6-4864-955D-4AF13A318A73}.Release|Any CPU.ActiveCfg = Release|Win32
		{669D9594-49A6-4864-955D-4AF13A318A73}.Release|x64.ActiveCfg = Release|x64
		{669D9594-49A6-4864-955D-4AF13A318A73}.Release|x64.Build.0 = Release|x64
		{669D9594-49A6-4864-955D-4AF13A318A73}.Release|x86.ActiveCfg = Release|Win32
		{669D9594-49A6-4864-955D-4AF13A318A73}.Release|x86.Build.0 = Release|Win32
		{F302DCE0-E5F6-450E-9A84-6B5586A3CA01}.Debug|Any CPU.ActiveCfg = Debug|Win32
		{F302DCE0-E5F6-450E-9A84-6B5586A3CA01}.Debug|x64.ActiveCfg = Debug|x64
		{F302DCE0-E5F6-450E-9A84-6B5586A3CA01}.Debug|x64.Build.0 = Debug|x64
		{F302DCE0-E5F6-450E-9A84-6B5586A3CA01}.Debug|x86.ActiveCfg = Debug|Win32
		{F302DCE0-E5F6-450E-9A84-6B5586A3CA01}.Debug|x86.Build.0 = Debug|Win32
		{F302DCE0-E5F6-450E-9A84-6B5586A3CA01}.Release|Any CPU.ActiveCfg = Release|Win32
		{F302DCE0-E5F6-450E-9A84-6B5586A3CA01}.Release|x64.ActiveCfg = Release|x64
		{F302DCE0-E5F6-450E-9A84-6B5586A3CA01}.Release|x64.Build.0 = Release|x64
		{F302DCE0-E5F6-450E-9A84-6B5586A3CA01}.Release|x86.ActiveCfg = Release|Win32
		{F302DCE0-E5F6-450E-9A84-6B5586A3CA01}.Release|x86.Build.0 = Release|Win32
	EndGlobalSection
	GlobalSection(SolutionProperties) = preSolution
		HideSolutionNode = FALSE
	EndGlobalSection
	GlobalSection(ExtensibilityGlobals) = postSolution
		SolutionGuid = {F8FF0579-2EFB-493F-AB80-81507A47FA56}
	EndGlobalSection
EndGlobal
