<?xml version="1.0" encoding="utf-8"?>
<Project ToolsVersion="4.0" xmlns="http://schemas.microsoft.com/developer/msbuild/2003">
  <ItemGroup>
    <Filter Include="Source Files">
      <UniqueIdentifier>{4FC737F1-C7A5-4376-A066-2A32D752A2FF}</UniqueIdentifier>
      <Extensions>cpp;c;cc;cxx;c++;cppm;ixx;def;odl;idl;hpj;bat;asm;asmx</Extensions>
    </Filter>
    <Filter Include="Header Files">
      <UniqueIdentifier>{93995380-89BD-4b04-88EB-625FBE52EBFB}</UniqueIdentifier>
      <Extensions>h;hh;hpp;hxx;h++;hm;inl;inc;ipp;xsd</Extensions>
    </Filter>
    <Filter Include="Resource Files">
      <UniqueIdentifier>{67DA6AB6-F800-4c08-8B7A-83BB121AAD01}</UniqueIdentifier>
      <Extensions>rc;ico;cur;bmp;dlg;rc2;rct;bin;rgs;gif;jpg;jpeg;jpe;resx;tiff;tif;png;wav;mfcribbon-ms</Extensions>
    </Filter>
  </ItemGroup>
  <ItemGroup>
    <ClCompile Include="TESTBENCH_LIBs_Cpp.cpp">
      <Filter>Source Files</Filter>
    </ClCompile>
    <ClCompile Include="include\Server_Assembly\Algorithms.cpp">
      <Filter>Source Files</Filter>
    </ClCompile>
    <ClCompile Include="include\Server_Assembly\Concurrent.cpp">
      <Filter>Source Files</Filter>
    </ClCompile>
    <ClCompile Include="include\Server_Assembly\Concurrent_Control.cpp">
      <Filter>Source Files</Filter>
    </ClCompile>
    <ClCompile Include="include\Server_Assembly\Data.cpp">
      <Filter>Source Files</Filter>
    </ClCompile>
    <ClCompile Include="include\Server_Assembly\Data_Control.cpp">
      <Filter>Source Files</Filter>
    </ClCompile>
    <ClCompile Include="include\Server_Assembly\dllmain.cpp">
      <Filter>Source Files</Filter>
    </ClCompile>
    <ClCompile Include="include\Server_Assembly\Execute.cpp">
      <Filter>Source Files</Filter>
    </ClCompile>
    <ClCompile Include="include\Server_Assembly\Execute_Control.cpp">
      <Filter>Source Files</Filter>
    </ClCompile>
    <ClCompile Include="include\Server_Assembly\Framework_Server.cpp">
      <Filter>Source Files</Filter>
    </ClCompile>
    <ClCompile Include="include\Server_Assembly\GameInstance.cpp">
      <Filter>Source Files</Filter>
    </ClCompile>
    <ClCompile Include="include\Server_Assembly\Global.cpp">
      <Filter>Source Files</Filter>
    </ClCompile>
    <ClCompile Include="include\Server_Assembly\Input.cpp">
      <Filter>Source Files</Filter>
    </ClCompile>
    <ClCompile Include="include\Server_Assembly\Input_Control.cpp">
      <Filter>Source Files</Filter>
    </ClCompile>
    <ClCompile Include="include\Server_Assembly\LIB_Server_Assembly.cpp">
      <Filter>Source Files</Filter>
    </ClCompile>
    <ClCompile Include="include\Server_Assembly\Output.cpp">
      <Filter>Source Files</Filter>
    </ClCompile>
    <ClCompile Include="include\Server_Assembly\Output_Control.cpp">
      <Filter>Source Files</Filter>
    </ClCompile>
    <ClCompile Include="include\Server_Assembly\pch.cpp">
      <Filter>Source Files</Filter>
    </ClCompile>
    <ClCompile Include="include\Server_Assembly\Player.cpp">
      <Filter>Source Files</Filter>
    </ClCompile>
    <ClCompile Include="include\Server_Assembly\Praise0_Algorithm.cpp">
      <Filter>Source Files</Filter>
    </ClCompile>
    <ClCompile Include="include\Server_Assembly\Praise0_Input.cpp">
      <Filter>Source Files</Filter>
    </ClCompile>
    <ClCompile Include="include\Server_Assembly\Praise0_Output.cpp">
      <Filter>Source Files</Filter>
    </ClCompile>
    <ClCompile Include="include\Server_Assembly\Praise1_Algorithm.cpp">
      <Filter>Source Files</Filter>
    </ClCompile>
    <ClCompile Include="include\Server_Assembly\Praise1_Input.cpp">
      <Filter>Source Files</Filter>
    </ClCompile>
    <ClCompile Include="include\Server_Assembly\Praise1_Output.cpp">
      <Filter>Source Files</Filter>
    </ClCompile>
    <ClCompile Include="include\Server_Assembly\Praise2_Algorithm.cpp">
      <Filter>Source Files</Filter>
    </ClCompile>
    <ClCompile Include="include\Server_Assembly\Praise2_Input.cpp">
      <Filter>Source Files</Filter>
    </ClCompile>
    <ClCompile Include="include\Server_Assembly\Praise2_Output.cpp">
      <Filter>Source Files</Filter>
    </ClCompile>
    <ClCompile Include="include\Server_Assembly\Server.cpp">
      <Filter>Source Files</Filter>
    </ClCompile>
    <ClCompile Include="include\Server_Assembly\User_Alg.cpp">
      <Filter>Source Files</Filter>
    </ClCompile>
    <ClCompile Include="include\Server_Assembly\User_I.cpp">
      <Filter>Source Files</Filter>
    </ClCompile>
    <ClCompile Include="include\Server_Assembly\User_O.cpp">
      <Filter>Source Files</Filter>
    </ClCompile>
  </ItemGroup>
  <ItemGroup>
    <ClInclude Include="include\ConcurrentQue_Client\ConcurrentQue_Client_Framework.h">
      <Filter>Header Files</Filter>
    </ClInclude>
    <ClInclude Include="include\ConcurrentQue_Client\ConcurrentQue_Client_Global.h">
      <Filter>Header Files</Filter>
    </ClInclude>
    <ClInclude Include="include\ConcurrentQue_Client\ConcurrentQue_Client_LaunchConcurrency.h">
      <Filter>Header Files</Filter>
    </ClInclude>
    <ClInclude Include="include\ConcurrentQue_Client\ConcurrentQue_Client_LaunchConcurrency_Control.h">
      <Filter>Header Files</Filter>
    </ClInclude>
    <ClInclude Include="include\ConcurrentQue_Client\LIB_ConcurrentQue_Client.h">
      <Filter>Header Files</Filter>
    </ClInclude>
    <ClInclude Include="include\Server_Assembly\Algorithms.h">
      <Filter>Header Files</Filter>
    </ClInclude>
    <ClInclude Include="include\Server_Assembly\Concurrent.h">
      <Filter>Header Files</Filter>
    </ClInclude>
    <ClInclude Include="include\Server_Assembly\Concurrent_Control.h">
      <Filter>Header Files</Filter>
    </ClInclude>
    <ClInclude Include="include\Server_Assembly\Data.h">
      <Filter>Header Files</Filter>
    </ClInclude>
    <ClInclude Include="include\Server_Assembly\Data_Control.h">
      <Filter>Header Files</Filter>
    </ClInclude>
    <ClInclude Include="include\Server_Assembly\Execute.h">
      <Filter>Header Files</Filter>
    </ClInclude>
    <ClInclude Include="include\Server_Assembly\Execute_Control.h">
      <Filter>Header Files</Filter>
    </ClInclude>
    <ClInclude Include="include\Server_Assembly\framework.h">
      <Filter>Header Files</Filter>
    </ClInclude>
    <ClInclude Include="include\Server_Assembly\Framework_Server.h">
      <Filter>Header Files</Filter>
    </ClInclude>
    <ClInclude Include="include\Server_Assembly\GameInstance.h">
      <Filter>Header Files</Filter>
    </ClInclude>
    <ClInclude Include="include\Server_Assembly\Global.h">
      <Filter>Header Files</Filter>
    </ClInclude>
    <ClInclude Include="include\Server_Assembly\Input.h">
      <Filter>Header Files</Filter>
    </ClInclude>
    <ClInclude Include="include\Server_Assembly\Input_Control.h">
      <Filter>Header Files</Filter>
    </ClInclude>
    <ClInclude Include="include\Server_Assembly\LIB_Server_Assembly.h">
      <Filter>Header Files</Filter>
    </ClInclude>
    <ClInclude Include="include\Server_Assembly\Output.h">
      <Filter>Header Files</Filter>
    </ClInclude>
    <ClInclude Include="include\Server_Assembly\Output_Control.h">
      <Filter>Header Files</Filter>
    </ClInclude>
    <ClInclude Include="include\Server_Assembly\pch.h">
      <Filter>Header Files</Filter>
    </ClInclude>
    <ClInclude Include="include\Server_Assembly\Player.h">
      <Filter>Header Files</Filter>
    </ClInclude>
    <ClInclude Include="include\Server_Assembly\Praise0_Algorithm.h">
      <Filter>Header Files</Filter>
    </ClInclude>
    <ClInclude Include="include\Server_Assembly\Praise0_Input.h">
      <Filter>Header Files</Filter>
    </ClInclude>
    <ClInclude Include="include\Server_Assembly\Praise0_Output.h">
      <Filter>Header Files</Filter>
    </ClInclude>
    <ClInclude Include="include\Server_Assembly\Praise1_Algorithm.h">
      <Filter>Header Files</Filter>
    </ClInclude>
    <ClInclude Include="include\Server_Assembly\Praise1_Input.h">
      <Filter>Header Files</Filter>
    </ClInclude>
    <ClInclude Include="include\Server_Assembly\Praise1_Output.h">
      <Filter>Header Files</Filter>
    </ClInclude>
    <ClInclude Include="include\Server_Assembly\Praise2_Algorithm.h">
      <Filter>Header Files</Filter>
    </ClInclude>
    <ClInclude Include="include\Server_Assembly\Praise2_Input.h">
      <Filter>Header Files</Filter>
    </ClInclude>
    <ClInclude Include="include\Server_Assembly\Praise2_Output.h">
      <Filter>Header Files</Filter>
    </ClInclude>
    <ClInclude Include="include\Server_Assembly\Server.h">
      <Filter>Header Files</Filter>
    </ClInclude>
    <ClInclude Include="include\Server_Assembly\User_Alg.h">
      <Filter>Header Files</Filter>
    </ClInclude>
    <ClInclude Include="include\Server_Assembly\User_I.h">
      <Filter>Header Files</Filter>
    </ClInclude>
    <ClInclude Include="include\Server_Assembly\User_O.h">
      <Filter>Header Files</Filter>
    </ClInclude>
    <ClInclude Include="include\ConcurrentQue_Server\ConcurrentQue_Server_Framework.h">
      <Filter>Header Files</Filter>
    </ClInclude>
    <ClInclude Include="include\ConcurrentQue_Server\ConcurrentQue_Server_Global.h">
      <Filter>Header Files</Filter>
    </ClInclude>
    <ClInclude Include="include\ConcurrentQue_Server\ConcurrentQue_Server_LaunchConcurrency.h">
      <Filter>Header Files</Filter>
    </ClInclude>
    <ClInclude Include="include\ConcurrentQue_Server\ConcurrentQue_Server_LaunchConcurrency_Control.h">
      <Filter>Header Files</Filter>
    </ClInclude>
    <ClInclude Include="include\ConcurrentQue_Server\LIB_ConcurrentQue_Server.h">
      <Filter>Header Files</Filter>
    </ClInclude>
    <ClInclude Include="include\WriteEnable_Stack_Client_OutputRecieve\LIB_WriteEnable_Stack_Client_OutputRecieve.h">
      <Filter>Header Files</Filter>
    </ClInclude>
    <ClInclude Include="include\WriteEnable_Stack_Client_OutputRecieve\WriteEnable_Stack_Client_OutputRecieve.h">
      <Filter>Header Files</Filter>
    </ClInclude>
    <ClInclude Include="include\WriteEnable_Stack_Client_OutputRecieve\WriteEnable_Stack_Client_OutputRecieve_Control.h">
      <Filter>Header Files</Filter>
    </ClInclude>
    <ClInclude Include="include\WriteEnable_Stack_Client_OutputRecieve\WriteEnable_Stack_Client_OutputRecieve_Framework.h">
      <Filter>Header Files</Filter>
    </ClInclude>
    <ClInclude Include="include\WriteEnable_Stack_Client_OutputRecieve\WriteEnable_Stack_Client_OutputRecieve_Global.h">
      <Filter>Header Files</Filter>
    </ClInclude>
    <ClInclude Include="include\WriteEnable_Stack_Server_InputAction\LIB_WriteEnable_Stack_Server_InputAction.h">
      <Filter>Header Files</Filter>
    </ClInclude>
    <ClInclude Include="include\WriteEnable_Stack_Server_InputAction\WriteEnable_Stack_Server_InputAction.h">
      <Filter>Header Files</Filter>
    </ClInclude>
    <ClInclude Include="include\WriteEnable_Stack_Server_InputAction\WriteEnable_Stack_Server_InputAction_Control.h">
      <Filter>Header Files</Filter>
    </ClInclude>
    <ClInclude Include="include\WriteEnable_Stack_Server_InputAction\WriteEnable_Stack_Server_InputAction_Framework.h">
      <Filter>Header Files</Filter>
    </ClInclude>
    <ClInclude Include="include\WriteEnable_Stack_Server_InputAction\WriteEnable_Stack_Server_InputAction_Global.h">
      <Filter>Header Files</Filter>
    </ClInclude>
    <ClInclude Include="include\WriteEnable_Stack_Server_OutputRecieve\LIB_WriteEnable_Stack_Server_OutputRecieve.h">
      <Filter>Header Files</Filter>
    </ClInclude>
    <ClInclude Include="include\WriteEnable_Stack_Server_OutputRecieve\WriteEnable_Stack_Server_OutputRecieve.h">
      <Filter>Header Files</Filter>
    </ClInclude>
    <ClInclude Include="include\WriteEnable_Stack_Server_OutputRecieve\WriteEnable_Stack_Server_OutputRecieve_Control.h">
      <Filter>Header Files</Filter>
    </ClInclude>
    <ClInclude Include="include\WriteEnable_Stack_Server_OutputRecieve\WriteEnable_Stack_Server_OutputRecieve_Framework.h">
      <Filter>Header Files</Filter>
    </ClInclude>
    <ClInclude Include="include\WriteEnable_Stack_Server_OutputRecieve\WriteEnable_Stack_Server_OutputRecieve_Global.h">
      <Filter>Header Files</Filter>
    </ClInclude>
  </ItemGroup>
  <ItemGroup>
    <None Include="LIBConcurrentQueClient.dll" />
    <None Include="LIBConcurrentQueServer.dll" />
    <None Include="LIBServerAssembly.dll" />
    <None Include="LIBWriteEnableStackClientOutputRecieve.dll" />
    <None Include="LIBWriteEnableStackServerInputAction.dll" />
    <None Include="LIBWriteEnableStackServerOutputRecieve.dll" />
    <None Include="include\Server_Assembly\cpp.hint" />
  </ItemGroup>
  <ItemGroup>
    <Library Include="LIBConcurrentQueClient.lib" />
    <Library Include="LIBConcurrentQueServer.lib" />
    <Library Include="LIBServerAssembly.lib" />
    <Library Include="LIBWriteEnableStackClientOutputRecieve.lib" />
    <Library Include="LIBWriteEnableStackServerInputAction.lib" />
    <Library Include="LIBWriteEnableStackServerOutputRecieve.lib" />
  </ItemGroup>
</Project>